
Microsoft Visual Studio Solution File, Format Version 12.00
# Visual Studio Version 16
VisualStudioVersion = 16.0.31410.357
MinimumVisualStudioVersion = 10.0.40219.1
Project("{FAE04EC0-301F-11D3-BF4B-00C04F79EFBC}") = "FilmLibrary", "FilmLibrary\FilmLibrary.csproj", "{3BE1BF1A-880F-41E9-BB8D-289DDB814A3E}"
EndProject
Global
	GlobalSection(SolutionConfigurationPlatforms) = preSolution
		Debug|Any CPU = Debug|Any CPU
		Release|Any CPU = Release|Any CPU
	EndGlobalSection
	GlobalSection(ProjectConfigurationPlatforms) = postSolution
		{3BE1BF1A-880F-41E9-BB8D-289DDB814A3E}.Debug|Any CPU.ActiveCfg = Debug|Any CPU
		{3BE1BF1A-880F-41E9-BB8D-289DDB814A3E}.Debug|Any CPU.Build.0 = Debug|Any CPU
		{3BE1BF1A-880F-41E9-BB8D-289DDB814A3E}.Release|Any CPU.ActiveCfg = Release|Any CPU
		{3BE1BF1A-880F-41E9-BB8D-289DDB814A3E}.Release|Any CPU.Build.0 = Release|Any CPU
	EndGlobalSection
	GlobalSection(SolutionProperties) = preSolution
		HideSolutionNode = FALSE
	EndGlobalSection
	GlobalSection(ExtensibilityGlobals) = postSolution
		SolutionGuid = {76C58B81-478B-4D86-98A1-F98A895C80B9}
	EndGlobalSection
EndGlobal
